
Microsoft Visual Studio Solution File, Format Version 12.00
# Visual Studio Version 16
VisualStudioVersion = 16.0.31702.278
MinimumVisualStudioVersion = 10.0.40219.1
Project("{8BC9CEB8-8B4A-11D0-8D11-00A0C91BC942}") = "C++核心编程", "C++核心编程\C++核心编程.vcxproj", "{A13DE468-5772-43CC-AF88-733DA3936C5C}"
EndProject
Global
	GlobalSection(SolutionConfigurationPlatforms) = preSolution
		Debug|x64 = Debug|x64
		Debug|x86 = Debug|x86
		Release|x64 = Release|x64
		Release|x86 = Release|x86
	EndGlobalSection
	GlobalSection(ProjectConfigurationPlatforms) = postSolution
		{A13DE468-5772-43CC-AF88-733DA3936C5C}.Debug|x64.ActiveCfg = Debug|x64
		{A13DE468-5772-43CC-AF88-733DA3936C5C}.Debug|x64.Build.0 = Debug|x64
		{A13DE468-5772-43CC-AF88-733DA3936C5C}.Debug|x86.ActiveCfg = Debug|Win32
		{A13DE468-5772-43CC-AF88-733DA3936C5C}.Debug|x86.Build.0 = Debug|Win32
		{A13DE468-5772-43CC-AF88-733DA3936C5C}.Release|x64.ActiveCfg = Release|x64
		{A13DE468-5772-43CC-AF88-733DA3936C5C}.Release|x64.Build.0 = Release|x64
		{A13DE468-5772-43CC-AF88-733DA3936C5C}.Release|x86.ActiveCfg = Release|Win32
		{A13DE468-5772-43CC-AF88-733DA3936C5C}.Release|x86.Build.0 = Release|Win32
	EndGlobalSection
	GlobalSection(SolutionProperties) = preSolution
		HideSolutionNode = FALSE
	EndGlobalSection
	GlobalSection(ExtensibilityGlobals) = postSolution
		SolutionGuid = {87191715-B831-4985-ABA2-562B1F8732EB}
	EndGlobalSection
EndGlobal
